// !$*UTF8*$!
{
	archiveVersion = 1;
	classes = {
	};
	objectVersion = 55;
	objects = {

/* Begin PBXBuildFile section */
		92ADA5F7EACBE611A27C662D /* Pods_StellarDaily.framework in Frameworks */ = {isa = PBXBuildFile; fileRef = 562A5AEAF1E1936F75295CAF /* Pods_StellarDaily.framework */; };
		FD161B5B29E03497001E9E5D /* NewsCell.swift in Sources */ = {isa = PBXBuildFile; fileRef = FD161B5A29E03497001E9E5D /* NewsCell.swift */; };
		FD486C8B29CB0ED2002A5E25 /* AppDelegate.swift in Sources */ = {isa = PBXBuildFile; fileRef = FD486C8A29CB0ED2002A5E25 /* AppDelegate.swift */; };
		FD486C8D29CB0ED2002A5E25 /* SceneDelegate.swift in Sources */ = {isa = PBXBuildFile; fileRef = FD486C8C29CB0ED2002A5E25 /* SceneDelegate.swift */; };
		FD486C9229CB0ED2002A5E25 /* Main.storyboard in Resources */ = {isa = PBXBuildFile; fileRef = FD486C9029CB0ED2002A5E25 /* Main.storyboard */; };
		FD486C9429CB0ED3002A5E25 /* Assets.xcassets in Resources */ = {isa = PBXBuildFile; fileRef = FD486C9329CB0ED3002A5E25 /* Assets.xcassets */; };
		FD486C9729CB0ED3002A5E25 /* LaunchScreen.storyboard in Resources */ = {isa = PBXBuildFile; fileRef = FD486C9529CB0ED3002A5E25 /* LaunchScreen.storyboard */; };
		FD486C9F29CB1626002A5E25 /* NasaNewsVC.swift in Sources */ = {isa = PBXBuildFile; fileRef = FD486C9E29CB1626002A5E25 /* NasaNewsVC.swift */; };
		FD486CA129CB1799002A5E25 /* NasaNewsDetailVC.swift in Sources */ = {isa = PBXBuildFile; fileRef = FD486CA029CB1799002A5E25 /* NasaNewsDetailVC.swift */; };
		FDE87A3F29DFEAE7007B4671 /* CachedAsyncImage in Frameworks */ = {isa = PBXBuildFile; productRef = FDE87A3E29DFEAE7007B4671 /* CachedAsyncImage */; };
/* End PBXBuildFile section */

/* Begin PBXFileReference section */
		562A5AEAF1E1936F75295CAF /* Pods_StellarDaily.framework */ = {isa = PBXFileReference; explicitFileType = wrapper.framework; includeInIndex = 0; path = Pods_StellarDaily.framework; sourceTree = BUILT_PRODUCTS_DIR; };
		7E93B45DF1BA284D4540EA15 /* Pods-StellarDaily.release.xcconfig */ = {isa = PBXFileReference; includeInIndex = 1; lastKnownFileType = text.xcconfig; name = "Pods-StellarDaily.release.xcconfig"; path = "Target Support Files/Pods-StellarDaily/Pods-StellarDaily.release.xcconfig"; sourceTree = "<group>"; };
		FD161B5A29E03497001E9E5D /* NewsCell.swift */ = {isa = PBXFileReference; lastKnownFileType = sourcecode.swift; path = NewsCell.swift; sourceTree = "<group>"; };
		FD486C8729CB0ED2002A5E25 /* StellarDaily.app */ = {isa = PBXFileReference; explicitFileType = wrapper.application; includeInIndex = 0; path = StellarDaily.app; sourceTree = BUILT_PRODUCTS_DIR; };
		FD486C8A29CB0ED2002A5E25 /* AppDelegate.swift */ = {isa = PBXFileReference; lastKnownFileType = sourcecode.swift; path = AppDelegate.swift; sourceTree = "<group>"; };
		FD486C8C29CB0ED2002A5E25 /* SceneDelegate.swift */ = {isa = PBXFileReference; lastKnownFileType = sourcecode.swift; path = SceneDelegate.swift; sourceTree = "<group>"; };
		FD486C9129CB0ED2002A5E25 /* Base */ = {isa = PBXFileReference; lastKnownFileType = file.storyboard; name = Base; path = Base.lproj/Main.storyboard; sourceTree = "<group>"; };
		FD486C9329CB0ED3002A5E25 /* Assets.xcassets */ = {isa = PBXFileReference; lastKnownFileType = folder.assetcatalog; path = Assets.xcassets; sourceTree = "<group>"; };
		FD486C9629CB0ED3002A5E25 /* Base */ = {isa = PBXFileReference; lastKnownFileType = file.storyboard; name = Base; path = Base.lproj/LaunchScreen.storyboard; sourceTree = "<group>"; };
		FD486C9829CB0ED3002A5E25 /* Info.plist */ = {isa = PBXFileReference; lastKnownFileType = text.plist.xml; path = Info.plist; sourceTree = "<group>"; };
		FD486C9E29CB1626002A5E25 /* NasaNewsVC.swift */ = {isa = PBXFileReference; lastKnownFileType = sourcecode.swift; path = NasaNewsVC.swift; sourceTree = "<group>"; };
		FD486CA029CB1799002A5E25 /* NasaNewsDetailVC.swift */ = {isa = PBXFileReference; lastKnownFileType = sourcecode.swift; path = NasaNewsDetailVC.swift; sourceTree = "<group>"; };
		FF78383A4297AAFDB9F4D682 /* Pods-StellarDaily.debug.xcconfig */ = {isa = PBXFileReference; includeInIndex = 1; lastKnownFileType = text.xcconfig; name = "Pods-StellarDaily.debug.xcconfig"; path = "Target Support Files/Pods-StellarDaily/Pods-StellarDaily.debug.xcconfig"; sourceTree = "<group>"; };
/* End PBXFileReference section */

/* Begin PBXFrameworksBuildPhase section */
		FD486C8429CB0ED2002A5E25 /* Frameworks */ = {
			isa = PBXFrameworksBuildPhase;
			buildActionMask = 2147483647;
			files = (
				92ADA5F7EACBE611A27C662D /* Pods_StellarDaily.framework in Frameworks */,
				FDE87A3F29DFEAE7007B4671 /* CachedAsyncImage in Frameworks */,
			);
			runOnlyForDeploymentPostprocessing = 0;
		};
/* End PBXFrameworksBuildPhase section */

/* Begin PBXGroup section */
		E0D1750AB6E02F10CDB8E89D /* Pods */ = {
			isa = PBXGroup;
			children = (
				FF78383A4297AAFDB9F4D682 /* Pods-StellarDaily.debug.xcconfig */,
				7E93B45DF1BA284D4540EA15 /* Pods-StellarDaily.release.xcconfig */,
			);
			path = Pods;
			sourceTree = "<group>";
		};
		FCB31FC93C9B94F4C578B956 /* Frameworks */ = {
			isa = PBXGroup;
			children = (
				562A5AEAF1E1936F75295CAF /* Pods_StellarDaily.framework */,
			);
			name = Frameworks;
			sourceTree = "<group>";
		};
		FD486C7E29CB0ED2002A5E25 = {
			isa = PBXGroup;
			children = (
				FD486C8929CB0ED2002A5E25 /* StellarDaily */,
				FD486C8829CB0ED2002A5E25 /* Products */,
				E0D1750AB6E02F10CDB8E89D /* Pods */,
				FCB31FC93C9B94F4C578B956 /* Frameworks */,
			);
			sourceTree = "<group>";
		};
		FD486C8829CB0ED2002A5E25 /* Products */ = {
			isa = PBXGroup;
			children = (
				FD486C8729CB0ED2002A5E25 /* StellarDaily.app */,
			);
			name = Products;
			sourceTree = "<group>";
		};
		FD486C8929CB0ED2002A5E25 /* StellarDaily */ = {
			isa = PBXGroup;
			children = (
				FD486C8A29CB0ED2002A5E25 /* AppDelegate.swift */,
				FD486C8C29CB0ED2002A5E25 /* SceneDelegate.swift */,
				FD486C9029CB0ED2002A5E25 /* Main.storyboard */,
				FD486C9E29CB1626002A5E25 /* NasaNewsVC.swift */,
				FD161B5A29E03497001E9E5D /* NewsCell.swift */,
				FD486CA029CB1799002A5E25 /* NasaNewsDetailVC.swift */,
				FD486C9329CB0ED3002A5E25 /* Assets.xcassets */,
				FD486C9529CB0ED3002A5E25 /* LaunchScreen.storyboard */,
				FD486C9829CB0ED3002A5E25 /* Info.plist */,
			);
			path = StellarDaily;
			sourceTree = "<group>";
		};
/* End PBXGroup section */

/* Begin PBXNativeTarget section */
		FD486C8629CB0ED2002A5E25 /* StellarDaily */ = {
			isa = PBXNativeTarget;
			buildConfigurationList = FD486C9B29CB0ED3002A5E25 /* Build configuration list for PBXNativeTarget "StellarDaily" */;
			buildPhases = (
				DFC969BBFFF1E02808111284 /* [CP] Check Pods Manifest.lock */,
				FD486C8329CB0ED2002A5E25 /* Sources */,
				FD486C8429CB0ED2002A5E25 /* Frameworks */,
				FD486C8529CB0ED2002A5E25 /* Resources */,
				263A8EEA3BCA66F11D470702 /* [CP] Embed Pods Frameworks */,
			);
			buildRules = (
			);
			dependencies = (
			);
			name = StellarDaily;
			packageProductDependencies = (
				FDE87A3E29DFEAE7007B4671 /* CachedAsyncImage */,
			);
			productName = StellarDaily;
			productReference = FD486C8729CB0ED2002A5E25 /* StellarDaily.app */;
			productType = "com.apple.product-type.application";
		};
/* End PBXNativeTarget section */

/* Begin PBXProject section */
		FD486C7F29CB0ED2002A5E25 /* Project object */ = {
			isa = PBXProject;
			attributes = {
				BuildIndependentTargetsInParallel = 1;
				LastSwiftUpdateCheck = 1320;
				LastUpgradeCheck = 1320;
				TargetAttributes = {
					FD486C8629CB0ED2002A5E25 = {
						CreatedOnToolsVersion = 13.2.1;
					};
				};
			};
			buildConfigurationList = FD486C8229CB0ED2002A5E25 /* Build configuration list for PBXProject "StellarDaily" */;
			compatibilityVersion = "Xcode 13.0";
			developmentRegion = en;
			hasScannedForEncodings = 0;
			knownRegions = (
				en,
				Base,
			);
			mainGroup = FD486C7E29CB0ED2002A5E25;
			packageReferences = (
				FDE87A3D29DFEAE7007B4671 /* XCRemoteSwiftPackageReference "swiftui-cached-async-image" */,
			);
			productRefGroup = FD486C8829CB0ED2002A5E25 /* Products */;
			projectDirPath = "";
			projectRoot = "";
			targets = (
				FD486C8629CB0ED2002A5E25 /* StellarDaily */,
			);
		};
/* End PBXProject section */

/* Begin PBXResourcesBuildPhase section */
		FD486C8529CB0ED2002A5E25 /* Resources */ = {
			isa = PBXResourcesBuildPhase;
			buildActionMask = 2147483647;
			files = (
				FD486C9729CB0ED3002A5E25 /* LaunchScreen.storyboard in Resources */,
				FD486C9429CB0ED3002A5E25 /* Assets.xcassets in Resources */,
				FD486C9229CB0ED2002A5E25 /* Main.storyboard in Resources */,
			);
			runOnlyForDeploymentPostprocessing = 0;
		};
/* End PBXResourcesBuildPhase section */

/* Begin PBXShellScriptBuildPhase section */
		263A8EEA3BCA66F11D470702 /* [CP] Embed Pods Frameworks */ = {
			isa = PBXShellScriptBuildPhase;
			buildActionMask = 2147483647;
			files = (
			);
			inputFileListPaths = (
				"${PODS_ROOT}/Target Support Files/Pods-StellarDaily/Pods-StellarDaily-frameworks-${CONFIGURATION}-input-files.xcfilelist",
			);
			name = "[CP] Embed Pods Frameworks";
			outputFileListPaths = (
				"${PODS_ROOT}/Target Support Files/Pods-StellarDaily/Pods-StellarDaily-frameworks-${CONFIGURATION}-output-files.xcfilelist",
			);
			runOnlyForDeploymentPostprocessing = 0;
			shellPath = /bin/sh;
			shellScript = "\"${PODS_ROOT}/Target Support Files/Pods-StellarDaily/Pods-StellarDaily-frameworks.sh\"\n";
			showEnvVarsInLog = 0;
		};
		DFC969BBFFF1E02808111284 /* [CP] Check Pods Manifest.lock */ = {
			isa = PBXShellScriptBuildPhase;
			buildActionMask = 2147483647;
			files = (
			);
			inputFileListPaths = (
			);
			inputPaths = (
				"${PODS_PODFILE_DIR_PATH}/Podfile.lock",
				"${PODS_ROOT}/Manifest.lock",
			);
			name = "[CP] Check Pods Manifest.lock";
			outputFileListPaths = (
			);
			outputPaths = (
				"$(DERIVED_FILE_DIR)/Pods-StellarDaily-checkManifestLockResult.txt",
			);
			runOnlyForDeploymentPostprocessing = 0;
			shellPath = /bin/sh;
			shellScript = "diff \"${PODS_PODFILE_DIR_PATH}/Podfile.lock\" \"${PODS_ROOT}/Manifest.lock\" > /dev/null\nif [ $? != 0 ] ; then\n    # print error to STDERR\n    echo \"error: The sandbox is not in sync with the Podfile.lock. Run 'pod install' or update your CocoaPods installation.\" >&2\n    exit 1\nfi\n# This output is used by Xcode 'outputs' to avoid re-running this script phase.\necho \"SUCCESS\" > \"${SCRIPT_OUTPUT_FILE_0}\"\n";
			showEnvVarsInLog = 0;
		};
/* End PBXShellScriptBuildPhase section */

/* Begin PBXSourcesBuildPhase section */
		FD486C8329CB0ED2002A5E25 /* Sources */ = {
			isa = PBXSourcesBuildPhase;
			buildActionMask = 2147483647;
			files = (
				FD486C8B29CB0ED2002A5E25 /* AppDelegate.swift in Sources */,
				FD486C8D29CB0ED2002A5E25 /* SceneDelegate.swift in Sources */,
				FD486CA129CB1799002A5E25 /* NasaNewsDetailVC.swift in Sources */,
				FD486C9F29CB1626002A5E25 /* NasaNewsVC.swift in Sources */,
				FD161B5B29E03497001E9E5D /* NewsCell.swift in Sources */,
			);
			runOnlyForDeploymentPostprocessing = 0;
		};
/* End PBXSourcesBuildPhase section */

/* Begin PBXVariantGroup section */
		FD486C9029CB0ED2002A5E25 /* Main.storyboard */ = {
			isa = PBXVariantGroup;
			children = (
				FD486C9129CB0ED2002A5E25 /* Base */,
			);
			name = Main.storyboard;
			sourceTree = "<group>";
		};
		FD486C9529CB0ED3002A5E25 /* LaunchScreen.storyboard */ = {
			isa = PBXVariantGroup;
			children = (
				FD486C9629CB0ED3002A5E25 /* Base */,
			);
			name = LaunchScreen.storyboard;
			sourceTree = "<group>";
		};
/* End PBXVariantGroup section */

/* Begin XCBuildConfiguration section */
		FD486C9929CB0ED3002A5E25 /* Debug */ = {
			isa = XCBuildConfiguration;
			buildSettings = {
				ALWAYS_SEARCH_USER_PATHS = NO;
				CLANG_ANALYZER_NONNULL = YES;
				CLANG_ANALYZER_NUMBER_OBJECT_CONVERSION = YES_AGGRESSIVE;
				CLANG_CXX_LANGUAGE_STANDARD = "gnu++17";
				CLANG_CXX_LIBRARY = "libc++";
				CLANG_ENABLE_MODULES = YES;
				CLANG_ENABLE_OBJC_ARC = YES;
				CLANG_ENABLE_OBJC_WEAK = YES;
				CLANG_WARN_BLOCK_CAPTURE_AUTORELEASING = YES;
				CLANG_WARN_BOOL_CONVERSION = YES;
				CLANG_WARN_COMMA = YES;
				CLANG_WARN_CONSTANT_CONVERSION = YES;
				CLANG_WARN_DEPRECATED_OBJC_IMPLEMENTATIONS = YES;
				CLANG_WARN_DIRECT_OBJC_ISA_USAGE = YES_ERROR;
				CLANG_WARN_DOCUMENTATION_COMMENTS = YES;
				CLANG_WARN_EMPTY_BODY = YES;
				CLANG_WARN_ENUM_CONVERSION = YES;
				CLANG_WARN_INFINITE_RECURSION = YES;
				CLANG_WARN_INT_CONVERSION = YES;
				CLANG_WARN_NON_LITERAL_NULL_CONVERSION = YES;
				CLANG_WARN_OBJC_IMPLICIT_RETAIN_SELF = YES;
				CLANG_WARN_OBJC_LITERAL_CONVERSION = YES;
				CLANG_WARN_OBJC_ROOT_CLASS = YES_ERROR;
				CLANG_WARN_QUOTED_INCLUDE_IN_FRAMEWORK_HEADER = YES;
				CLANG_WARN_RANGE_LOOP_ANALYSIS = YES;
				CLANG_WARN_STRICT_PROTOTYPES = YES;
				CLANG_WARN_SUSPICIOUS_MOVE = YES;
				CLANG_WARN_UNGUARDED_AVAILABILITY = YES_AGGRESSIVE;
				CLANG_WARN_UNREACHABLE_CODE = YES;
				CLANG_WARN__DUPLICATE_METHOD_MATCH = YES;
				COPY_PHASE_STRIP = NO;
				DEBUG_INFORMATION_FORMAT = dwarf;
				ENABLE_STRICT_OBJC_MSGSEND = YES;
				ENABLE_TESTABILITY = YES;
				GCC_C_LANGUAGE_STANDARD = gnu11;
				GCC_DYNAMIC_NO_PIC = NO;
				GCC_NO_COMMON_BLOCKS = YES;
				GCC_OPTIMIZATION_LEVEL = 0;
				GCC_PREPROCESSOR_DEFINITIONS = (
					"DEBUG=1",
					"$(inherited)",
				);
				GCC_WARN_64_TO_32_BIT_CONVERSION = YES;
				GCC_WARN_ABOUT_RETURN_TYPE = YES_ERROR;
				GCC_WARN_UNDECLARED_SELECTOR = YES;
				GCC_WARN_UNINITIALIZED_AUTOS = YES_AGGRESSIVE;
				GCC_WARN_UNUSED_FUNCTION = YES;
				GCC_WARN_UNUSED_VARIABLE = YES;
				IPHONEOS_DEPLOYMENT_TARGET = 15.2;
				MTL_ENABLE_DEBUG_INFO = INCLUDE_SOURCE;
				MTL_FAST_MATH = YES;
				ONLY_ACTIVE_ARCH = YES;
				SDKROOT = iphoneos;
				SWIFT_ACTIVE_COMPILATION_CONDITIONS = DEBUG;
				SWIFT_OPTIMIZATION_LEVEL = "-Onone";
			};
			name = Debug;
		};
		FD486C9A29CB0ED3002A5E25 /* Release */ = {
			isa = XCBuildConfiguration;
			buildSettings = {
				ALWAYS_SEARCH_USER_PATHS = NO;
				CLANG_ANALYZER_NONNULL = YES;
				CLANG_ANALYZER_NUMBER_OBJECT_CONVERSION = YES_AGGRESSIVE;
				CLANG_CXX_LANGUAGE_STANDARD = "gnu++17";
				CLANG_CXX_LIBRARY = "libc++";
				CLANG_ENABLE_MODULES = YES;
				CLANG_ENABLE_OBJC_ARC = YES;
				CLANG_ENABLE_OBJC_WEAK = YES;
				CLANG_WARN_BLOCK_CAPTURE_AUTORELEASING = YES;
				CLANG_WARN_BOOL_CONVERSION = YES;
				CLANG_WARN_COMMA = YES;
				CLANG_WARN_CONSTANT_CONVERSION = YES;
				CLANG_WARN_DEPRECATED_OBJC_IMPLEMENTATIONS = YES;
				CLANG_WARN_DIRECT_OBJC_ISA_USAGE = YES_ERROR;
				CLANG_WARN_DOCUMENTATION_COMMENTS = YES;
				CLANG_WARN_EMPTY_BODY = YES;
				CLANG_WARN_ENUM_CONVERSION = YES;
				CLANG_WARN_INFINITE_RECURSION = YES;
				CLANG_WARN_INT_CONVERSION = YES;
				CLANG_WARN_NON_LITERAL_NULL_CONVERSION = YES;
				CLANG_WARN_OBJC_IMPLICIT_RETAIN_SELF = YES;
				CLANG_WARN_OBJC_LITERAL_CONVERSION = YES;
				CLANG_WARN_OBJC_ROOT_CLASS = YES_ERROR;
				CLANG_WARN_QUOTED_INCLUDE_IN_FRAMEWORK_HEADER = YES;
				CLANG_WARN_RANGE_LOOP_ANALYSIS = YES;
				CLANG_WARN_STRICT_PROTOTYPES = YES;
				CLANG_WARN_SUSPICIOUS_MOVE = YES;
				CLANG_WARN_UNGUARDED_AVAILABILITY = YES_AGGRESSIVE;
				CLANG_WARN_UNREACHABLE_CODE = YES;
				CLANG_WARN__DUPLICATE_METHOD_MATCH = YES;
				COPY_PHASE_STRIP = NO;
				DEBUG_INFORMATION_FORMAT = "dwarf-with-dsym";
				ENABLE_NS_ASSERTIONS = NO;
				ENABLE_STRICT_OBJC_MSGSEND = YES;
				GCC_C_LANGUAGE_STANDARD = gnu11;
				GCC_NO_COMMON_BLOCKS = YES;
				GCC_WARN_64_TO_32_BIT_CONVERSION = YES;
				GCC_WARN_ABOUT_RETURN_TYPE = YES_ERROR;
				GCC_WARN_UNDECLARED_SELECTOR = YES;
				GCC_WARN_UNINITIALIZED_AUTOS = YES_AGGRESSIVE;
				GCC_WARN_UNUSED_FUNCTION = YES;
				GCC_WARN_UNUSED_VARIABLE = YES;
				IPHONEOS_DEPLOYMENT_TARGET = 15.2;
				MTL_ENABLE_DEBUG_INFO = NO;
				MTL_FAST_MATH = YES;
				SDKROOT = iphoneos;
				SWIFT_COMPILATION_MODE = wholemodule;
				SWIFT_OPTIMIZATION_LEVEL = "-O";
				VALIDATE_PRODUCT = YES;
			};
			name = Release;
		};
		FD486C9C29CB0ED3002A5E25 /* Debug */ = {
			isa = XCBuildConfiguration;
			baseConfigurationReference = FF78383A4297AAFDB9F4D682 /* Pods-StellarDaily.debug.xcconfig */;
			buildSettings = {
				ASSETCATALOG_COMPILER_APPICON_NAME = AppIcon;
				ASSETCATALOG_COMPILER_GLOBAL_ACCENT_COLOR_NAME = AccentColor;
				CODE_SIGN_STYLE = Automatic;
				CURRENT_PROJECT_VERSION = 1;
				GENERATE_INFOPLIST_FILE = YES;
				INFOPLIST_FILE = StellarDaily/Info.plist;
				INFOPLIST_KEY_LSApplicationCategoryType = "";
				INFOPLIST_KEY_UIApplicationSupportsIndirectInputEvents = YES;
				INFOPLIST_KEY_UILaunchStoryboardName = LaunchScreen;
				INFOPLIST_KEY_UIMainStoryboardFile = Main;
				INFOPLIST_KEY_UIRequiresFullScreen = YES;
				INFOPLIST_KEY_UISupportedInterfaceOrientations = UIInterfaceOrientationPortrait;
				INFOPLIST_KEY_UISupportedInterfaceOrientations_iPad = "UIInterfaceOrientationPortrait UIInterfaceOrientationPortraitUpsideDown UIInterfaceOrientationLandscapeLeft UIInterfaceOrientationLandscapeRight";
				INFOPLIST_KEY_UISupportedInterfaceOrientations_iPhone = "UIInterfaceOrientationPortrait UIInterfaceOrientationLandscapeLeft UIInterfaceOrientationLandscapeRight";
				LD_RUNPATH_SEARCH_PATHS = (
					"$(inherited)",
					"@executable_path/Frameworks",
				);
				MARKETING_VERSION = 1.0;
				PRODUCT_BUNDLE_IDENTIFIER = akfa.StellarDaily;
				PRODUCT_NAME = "$(TARGET_NAME)";
				SWIFT_EMIT_LOC_STRINGS = YES;
				SWIFT_VERSION = 5.0;
				TARGETED_DEVICE_FAMILY = "1,2";
			};
			name = Debug;
		};
		FD486C9D29CB0ED3002A5E25 /* Release */ = {
			isa = XCBuildConfiguration;
			baseConfigurationReference = 7E93B45DF1BA284D4540EA15 /* Pods-StellarDaily.release.xcconfig */;
			buildSettings = {
				ASSETCATALOG_COMPILER_APPICON_NAME = AppIcon;
				ASSETCATALOG_COMPILER_GLOBAL_ACCENT_COLOR_NAME = AccentColor;
				CODE_SIGN_STYLE = Automatic;
				CURRENT_PROJECT_VERSION = 1;
				GENERATE_INFOPLIST_FILE = YES;
				INFOPLIST_FILE = StellarDaily/Info.plist;
				INFOPLIST_KEY_LSApplicationCategoryType = "";
				INFOPLIST_KEY_UIApplicationSupportsIndirectInputEvents = YES;
				INFOPLIST_KEY_UILaunchStoryboardName = LaunchScreen;
				INFOPLIST_KEY_UIMainStoryboardFile = Main;
				INFOPLIST_KEY_UIRequiresFullScreen = YES;
				INFOPLIST_KEY_UISupportedInterfaceOrientations = UIInterfaceOrientationPortrait;
				INFOPLIST_KEY_UISupportedInterfaceOrientations_iPad = "UIInterfaceOrientationPortrait UIInterfaceOrientationPortraitUpsideDown UIInterfaceOrientationLandscapeLeft UIInterfaceOrientationLandscapeRight";
				INFOPLIST_KEY_UISupportedInterfaceOrientations_iPhone = "UIInterfaceOrientationPortrait UIInterfaceOrientationLandscapeLeft UIInterfaceOrientationLandscapeRight";
				LD_RUNPATH_SEARCH_PATHS = (
					"$(inherited)",
					"@executable_path/Frameworks",
				);
				MARKETING_VERSION = 1.0;
				PRODUCT_BUNDLE_IDENTIFIER = akfa.StellarDaily;
				PRODUCT_NAME = "$(TARGET_NAME)";
				SWIFT_EMIT_LOC_STRINGS = YES;
				SWIFT_VERSION = 5.0;
				TARGETED_DEVICE_FAMILY = "1,2";
			};
			name = Release;
		};
/* End XCBuildConfiguration section */

/* Begin XCConfigurationList section */
		FD486C8229CB0ED2002A5E25 /* Build configuration list for PBXProject "StellarDaily" */ = {
			isa = XCConfigurationList;
			buildConfigurations = (
				FD486C9929CB0ED3002A5E25 /* Debug */,
				FD486C9A29CB0ED3002A5E25 /* Release */,
			);
			defaultConfigurationIsVisible = 0;
			defaultConfigurationName = Release;
		};
		FD486C9B29CB0ED3002A5E25 /* Build configuration list for PBXNativeTarget "StellarDaily" */ = {
			isa = XCConfigurationList;
			buildConfigurations = (
				FD486C9C29CB0ED3002A5E25 /* Debug */,
				FD486C9D29CB0ED3002A5E25 /* Release */,
			);
			defaultConfigurationIsVisible = 0;
			defaultConfigurationName = Release;
		};
/* End XCConfigurationList section */

/* Begin XCRemoteSwiftPackageReference section */
		FDE87A3D29DFEAE7007B4671 /* XCRemoteSwiftPackageReference "swiftui-cached-async-image" */ = {
			isa = XCRemoteSwiftPackageReference;
			repositoryURL = "https://github.com/lorenzofiamingo/swiftui-cached-async-image";
			requirement = {
				kind = upToNextMajorVersion;
				minimumVersion = 2.0.0;
			};
		};
/* End XCRemoteSwiftPackageReference section */

/* Begin XCSwiftPackageProductDependency section */
		FDE87A3E29DFEAE7007B4671 /* CachedAsyncImage */ = {
			isa = XCSwiftPackageProductDependency;
			package = FDE87A3D29DFEAE7007B4671 /* XCRemoteSwiftPackageReference "swiftui-cached-async-image" */;
			productName = CachedAsyncImage;
		};
/* End XCSwiftPackageProductDependency section */
	};
	rootObject = FD486C7F29CB0ED2002A5E25 /* Project object */;
}
